// !$*UTF8*$!
{
	archiveVersion = 1;
	classes = {
	};
	objectVersion = 50;
	objects = {

/* Begin PBXBuildFile section */
		583D8DF12845CB0D0061C10E /* AppDelegate.swift in Sources */ = {isa = PBXBuildFile; fileRef = 583D8DF02845CB0D0061C10E /* AppDelegate.swift */; };
		583D8DF52845CB0D0061C10E /* ViewController.swift in Sources */ = {isa = PBXBuildFile; fileRef = 583D8DF42845CB0D0061C10E /* ViewController.swift */; };
		583D8DF82845CB0D0061C10E /* Main.storyboard in Resources */ = {isa = PBXBuildFile; fileRef = 583D8DF62845CB0D0061C10E /* Main.storyboard */; };
		583D8DFA2845CB0E0061C10E /* Assets.xcassets in Resources */ = {isa = PBXBuildFile; fileRef = 583D8DF92845CB0E0061C10E /* Assets.xcassets */; };
		583D8DFD2845CB0E0061C10E /* LaunchScreen.storyboard in Resources */ = {isa = PBXBuildFile; fileRef = 583D8DFB2845CB0E0061C10E /* LaunchScreen.storyboard */; };
		583D8E082845CFC00061C10E /* UIView+KeyboardListener.swift in Sources */ = {isa = PBXBuildFile; fileRef = 583D8E072845CFC00061C10E /* UIView+KeyboardListener.swift */; };
		583D8E2C284613130061C10E /* FirstViewController.swift in Sources */ = {isa = PBXBuildFile; fileRef = 583D8E2B284613130061C10E /* FirstViewController.swift */; };
/* End PBXBuildFile section */

/* Begin PBXFileReference section */
		583D8DED2845CB0D0061C10E /* KeyboardListener.app */ = {isa = PBXFileReference; explicitFileType = wrapper.application; includeInIndex = 0; path = KeyboardListener.app; sourceTree = BUILT_PRODUCTS_DIR; };
		583D8DF02845CB0D0061C10E /* AppDelegate.swift */ = {isa = PBXFileReference; lastKnownFileType = sourcecode.swift; path = AppDelegate.swift; sourceTree = "<group>"; };
		583D8DF42845CB0D0061C10E /* ViewController.swift */ = {isa = PBXFileReference; lastKnownFileType = sourcecode.swift; path = ViewController.swift; sourceTree = "<group>"; };
		583D8DF72845CB0D0061C10E /* Base */ = {isa = PBXFileReference; lastKnownFileType = file.storyboard; name = Base; path = Base.lproj/Main.storyboard; sourceTree = "<group>"; };
		583D8DF92845CB0E0061C10E /* Assets.xcassets */ = {isa = PBXFileReference; lastKnownFileType = folder.assetcatalog; path = Assets.xcassets; sourceTree = "<group>"; };
		583D8DFC2845CB0E0061C10E /* Base */ = {isa = PBXFileReference; lastKnownFileType = file.storyboard; name = Base; path = Base.lproj/LaunchScreen.storyboard; sourceTree = "<group>"; };
		583D8DFE2845CB0E0061C10E /* Info.plist */ = {isa = PBXFileReference; lastKnownFileType = text.plist.xml; path = Info.plist; sourceTree = "<group>"; };
		583D8E072845CFC00061C10E /* UIView+KeyboardListener.swift */ = {isa = PBXFileReference; lastKnownFileType = sourcecode.swift; path = "UIView+KeyboardListener.swift"; sourceTree = "<group>"; };
		583D8E2B284613130061C10E /* FirstViewController.swift */ = {isa = PBXFileReference; lastKnownFileType = sourcecode.swift; path = FirstViewController.swift; sourceTree = "<group>"; };
/* End PBXFileReference section */

/* Begin PBXFrameworksBuildPhase section */
		583D8DEA2845CB0D0061C10E /* Frameworks */ = {
			isa = PBXFrameworksBuildPhase;
			buildActionMask = 2147483647;
			files = (
			);
			runOnlyForDeploymentPostprocessing = 0;
		};
/* End PBXFrameworksBuildPhase section */

/* Begin PBXGroup section */
		583D8DE42845CB0D0061C10E = {
			isa = PBXGroup;
			children = (
				583D8DEF2845CB0D0061C10E /* KeyboardListener */,
				583D8DEE2845CB0D0061C10E /* Products */,
			);
			sourceTree = "<group>";
		};
		583D8DEE2845CB0D0061C10E /* Products */ = {
			isa = PBXGroup;
			children = (
				583D8DED2845CB0D0061C10E /* KeyboardListener.app */,
			);
			name = Products;
			sourceTree = "<group>";
		};
		583D8DEF2845CB0D0061C10E /* KeyboardListener */ = {
			isa = PBXGroup;
			children = (
				583D8E042845CB9D0061C10E /* KeyboardListener */,
				583D8DF02845CB0D0061C10E /* AppDelegate.swift */,
				583D8DF42845CB0D0061C10E /* ViewController.swift */,
				583D8E2B284613130061C10E /* FirstViewController.swift */,
				583D8DF62845CB0D0061C10E /* Main.storyboard */,
				583D8DF92845CB0E0061C10E /* Assets.xcassets */,
				583D8DFB2845CB0E0061C10E /* LaunchScreen.storyboard */,
				583D8DFE2845CB0E0061C10E /* Info.plist */,
			);
			path = KeyboardListener;
			sourceTree = "<group>";
		};
		583D8E042845CB9D0061C10E /* KeyboardListener */ = {
			isa = PBXGroup;
			children = (
				583D8E072845CFC00061C10E /* UIView+KeyboardListener.swift */,
			);
			name = KeyboardListener;
			path = ../../KeyboardListener;
			sourceTree = "<group>";
		};
/* End PBXGroup section */

/* Begin PBXNativeTarget section */
		583D8DEC2845CB0D0061C10E /* KeyboardListener */ = {
			isa = PBXNativeTarget;
			buildConfigurationList = 583D8E012845CB0E0061C10E /* Build configuration list for PBXNativeTarget "KeyboardListener" */;
			buildPhases = (
				583D8DE92845CB0D0061C10E /* Sources */,
				583D8DEA2845CB0D0061C10E /* Frameworks */,
				583D8DEB2845CB0D0061C10E /* Resources */,
			);
			buildRules = (
			);
			dependencies = (
			);
			name = KeyboardListener;
			productName = KeyboardListener;
			productReference = 583D8DED2845CB0D0061C10E /* KeyboardListener.app */;
			productType = "com.apple.product-type.application";
		};
/* End PBXNativeTarget section */

/* Begin PBXProject section */
		583D8DE52845CB0D0061C10E /* Project object */ = {
			isa = PBXProject;
			attributes = {
				LastSwiftUpdateCheck = 1250;
				LastUpgradeCheck = 1250;
				TargetAttributes = {
					583D8DEC2845CB0D0061C10E = {
						CreatedOnToolsVersion = 12.5.1;
					};
				};
			};
			buildConfigurationList = 583D8DE82845CB0D0061C10E /* Build configuration list for PBXProject "KeyboardListener" */;
			compatibilityVersion = "Xcode 9.3";
			developmentRegion = en;
			hasScannedForEncodings = 0;
			knownRegions = (
				en,
				Base,
			);
			mainGroup = 583D8DE42845CB0D0061C10E;
			productRefGroup = 583D8DEE2845CB0D0061C10E /* Products */;
			projectDirPath = "";
			projectRoot = "";
			targets = (
				583D8DEC2845CB0D0061C10E /* KeyboardListener */,
			);
		};
/* End PBXProject section */

/* Begin PBXResourcesBuildPhase section */
		583D8DEB2845CB0D0061C10E /* Resources */ = {
			isa = PBXResourcesBuildPhase;
			buildActionMask = 2147483647;
			files = (
				583D8DFD2845CB0E0061C10E /* LaunchScreen.storyboard in Resources */,
				583D8DFA2845CB0E0061C10E /* Assets.xcassets in Resources */,
				583D8DF82845CB0D0061C10E /* Main.storyboard in Resources */,
			);
			runOnlyForDeploymentPostprocessing = 0;
		};
/* End PBXResourcesBuildPhase section */

/* Begin PBXSourcesBuildPhase section */
		583D8DE92845CB0D0061C10E /* Sources */ = {
			isa = PBXSourcesBuildPhase;
			buildActionMask = 2147483647;
			files = (
				583D8E2C284613130061C10E /* FirstViewController.swift in Sources */,
				583D8DF52845CB0D0061C10E /* ViewController.swift in Sources */,
				583D8DF12845CB0D0061C10E /* AppDelegate.swift in Sources */,
				583D8E082845CFC00061C10E /* UIView+KeyboardListener.swift in Sources */,
			);
			runOnlyForDeploymentPostprocessing = 0;
		};
/* End PBXSourcesBuildPhase section */

/* Begin PBXVariantGroup section */
		583D8DF62845CB0D0061C10E /* Main.storyboard */ = {
			isa = PBXVariantGroup;
			children = (
				583D8DF72845CB0D0061C10E /* Base */,
			);
			name = Main.storyboard;
			sourceTree = "<group>";
		};
		583D8DFB2845CB0E0061C10E /* LaunchScreen.storyboard */ = {
			isa = PBXVariantGroup;
			children = (
				583D8DFC2845CB0E0061C10E /* Base */,
			);
			name = LaunchScreen.storyboard;
			sourceTree = "<group>";
		};
/* End PBXVariantGroup section */

/* Begin XCBuildConfiguration section */
		583D8DFF2845CB0E0061C10E /* Debug */ = {
			isa = XCBuildConfiguration;
			buildSettings = {
				ALWAYS_SEARCH_USER_PATHS = NO;
				CLANG_ANALYZER_NONNULL = YES;
				CLANG_ANALYZER_NUMBER_OBJECT_CONVERSION = YES_AGGRESSIVE;
				CLANG_CXX_LANGUAGE_STANDARD = "gnu++14";
				CLANG_CXX_LIBRARY = "libc++";
				CLANG_ENABLE_MODULES = YES;
				CLANG_ENABLE_OBJC_ARC = YES;
				CLANG_ENABLE_OBJC_WEAK = YES;
				CLANG_WARN_BLOCK_CAPTURE_AUTORELEASING = YES;
				CLANG_WARN_BOOL_CONVERSION = YES;
				CLANG_WARN_COMMA = YES;
				CLANG_WARN_CONSTANT_CONVERSION = YES;
				CLANG_WARN_DEPRECATED_OBJC_IMPLEMENTATIONS = YES;
				CLANG_WARN_DIRECT_OBJC_ISA_USAGE = YES_ERROR;
				CLANG_WARN_DOCUMENTATION_COMMENTS = YES;
				CLANG_WARN_EMPTY_BODY = YES;
				CLANG_WARN_ENUM_CONVERSION = YES;
				CLANG_WARN_INFINITE_RECURSION = YES;
				CLANG_WARN_INT_CONVERSION = YES;
				CLANG_WARN_NON_LITERAL_NULL_CONVERSION = YES;
				CLANG_WARN_OBJC_IMPLICIT_RETAIN_SELF = YES;
				CLANG_WARN_OBJC_LITERAL_CONVERSION = YES;
				CLANG_WARN_OBJC_ROOT_CLASS = YES_ERROR;
				CLANG_WARN_QUOTED_INCLUDE_IN_FRAMEWORK_HEADER = YES;
				CLANG_WARN_RANGE_LOOP_ANALYSIS = YES;
				CLANG_WARN_STRICT_PROTOTYPES = YES;
				CLANG_WARN_SUSPICIOUS_MOVE = YES;
				CLANG_WARN_UNGUARDED_AVAILABILITY = YES_AGGRESSIVE;
				CLANG_WARN_UNREACHABLE_CODE = YES;
				CLANG_WARN__DUPLICATE_METHOD_MATCH = YES;
				COPY_PHASE_STRIP = NO;
				DEBUG_INFORMATION_FORMAT = dwarf;
				ENABLE_STRICT_OBJC_MSGSEND = YES;
				ENABLE_TESTABILITY = YES;
				GCC_C_LANGUAGE_STANDARD = gnu11;
				GCC_DYNAMIC_NO_PIC = NO;
				GCC_NO_COMMON_BLOCKS = YES;
				GCC_OPTIMIZATION_LEVEL = 0;
				GCC_PREPROCESSOR_DEFINITIONS = (
					"DEBUG=1",
					"$(inherited)",
				);
				GCC_WARN_64_TO_32_BIT_CONVERSION = YES;
				GCC_WARN_ABOUT_RETURN_TYPE = YES_ERROR;
				GCC_WARN_UNDECLARED_SELECTOR = YES;
				GCC_WARN_UNINITIALIZED_AUTOS = YES_AGGRESSIVE;
				GCC_WARN_UNUSED_FUNCTION = YES;
				GCC_WARN_UNUSED_VARIABLE = YES;
				IPHONEOS_DEPLOYMENT_TARGET = 14.5;
				MTL_ENABLE_DEBUG_INFO = INCLUDE_SOURCE;
				MTL_FAST_MATH = YES;
				ONLY_ACTIVE_ARCH = YES;
				SDKROOT = iphoneos;
				SWIFT_ACTIVE_COMPILATION_CONDITIONS = DEBUG;
				SWIFT_OPTIMIZATION_LEVEL = "-Onone";
			};
			name = Debug;
		};
		583D8E002845CB0E0061C10E /* Release */ = {
			isa = XCBuildConfiguration;
			buildSettings = {
				ALWAYS_SEARCH_USER_PATHS = NO;
				CLANG_ANALYZER_NONNULL = YES;
				CLANG_ANALYZER_NUMBER_OBJECT_CONVERSION = YES_AGGRESSIVE;
				CLANG_CXX_LANGUAGE_STANDARD = "gnu++14";
				CLANG_CXX_LIBRARY = "libc++";
				CLANG_ENABLE_MODULES = YES;
				CLANG_ENABLE_OBJC_ARC = YES;
				CLANG_ENABLE_OBJC_WEAK = YES;
				CLANG_WARN_BLOCK_CAPTURE_AUTORELEASING = YES;
				CLANG_WARN_BOOL_CONVERSION = YES;
				CLANG_WARN_COMMA = YES;
				CLANG_WARN_CONSTANT_CONVERSION = YES;
				CLANG_WARN_DEPRECATED_OBJC_IMPLEMENTATIONS = YES;
				CLANG_WARN_DIRECT_OBJC_ISA_USAGE = YES_ERROR;
				CLANG_WARN_DOCUMENTATION_COMMENTS = YES;
				CLANG_WARN_EMPTY_BODY = YES;
				CLANG_WARN_ENUM_CONVERSION = YES;
				CLANG_WARN_INFINITE_RECURSION = YES;
				CLANG_WARN_INT_CONVERSION = YES;
				CLANG_WARN_NON_LITERAL_NULL_CONVERSION = YES;
				CLANG_WARN_OBJC_IMPLICIT_RETAIN_SELF = YES;
				CLANG_WARN_OBJC_LITERAL_CONVERSION = YES;
				CLANG_WARN_OBJC_ROOT_CLASS = YES_ERROR;
				CLANG_WARN_QUOTED_INCLUDE_IN_FRAMEWORK_HEADER = YES;
				CLANG_WARN_RANGE_LOOP_ANALYSIS = YES;
				CLANG_WARN_STRICT_PROTOTYPES = YES;
				CLANG_WARN_SUSPICIOUS_MOVE = YES;
				CLANG_WARN_UNGUARDED_AVAILABILITY = YES_AGGRESSIVE;
				CLANG_WARN_UNREACHABLE_CODE = YES;
				CLANG_WARN__DUPLICATE_METHOD_MATCH = YES;
				COPY_PHASE_STRIP = NO;
				DEBUG_INFORMATION_FORMAT = "dwarf-with-dsym";
				ENABLE_NS_ASSERTIONS = NO;
				ENABLE_STRICT_OBJC_MSGSEND = YES;
				GCC_C_LANGUAGE_STANDARD = gnu11;
				GCC_NO_COMMON_BLOCKS = YES;
				GCC_WARN_64_TO_32_BIT_CONVERSION = YES;
				GCC_WARN_ABOUT_RETURN_TYPE = YES_ERROR;
				GCC_WARN_UNDECLARED_SELECTOR = YES;
				GCC_WARN_UNINITIALIZED_AUTOS = YES_AGGRESSIVE;
				GCC_WARN_UNUSED_FUNCTION = YES;
				GCC_WARN_UNUSED_VARIABLE = YES;
				IPHONEOS_DEPLOYMENT_TARGET = 14.5;
				MTL_ENABLE_DEBUG_INFO = NO;
				MTL_FAST_MATH = YES;
				SDKROOT = iphoneos;
				SWIFT_COMPILATION_MODE = wholemodule;
				SWIFT_OPTIMIZATION_LEVEL = "-O";
				VALIDATE_PRODUCT = YES;
			};
			name = Release;
		};
		583D8E022845CB0E0061C10E /* Debug */ = {
			isa = XCBuildConfiguration;
			buildSettings = {
				ASSETCATALOG_COMPILER_APPICON_NAME = AppIcon;
				ASSETCATALOG_COMPILER_GLOBAL_ACCENT_COLOR_NAME = AccentColor;
				CODE_SIGN_STYLE = Automatic;
				INFOPLIST_FILE = KeyboardListener/Info.plist;
				IPHONEOS_DEPLOYMENT_TARGET = 12.0;
				LD_RUNPATH_SEARCH_PATHS = (
					"$(inherited)",
					"@executable_path/Frameworks",
				);
				PRODUCT_BUNDLE_IDENTIFIER = liuchang.KeyboardListener;
				PRODUCT_NAME = "$(TARGET_NAME)";
				SWIFT_VERSION = 5.0;
				TARGETED_DEVICE_FAMILY = "1,2";
			};
			name = Debug;
		};
		583D8E032845CB0E0061C10E /* Release */ = {
			isa = XCBuildConfiguration;
			buildSettings = {
				ASSETCATALOG_COMPILER_APPICON_NAME = AppIcon;
				ASSETCATALOG_COMPILER_GLOBAL_ACCENT_COLOR_NAME = AccentColor;
				CODE_SIGN_STYLE = Automatic;
				INFOPLIST_FILE = KeyboardListener/Info.plist;
				IPHONEOS_DEPLOYMENT_TARGET = 12.0;
				LD_RUNPATH_SEARCH_PATHS = (
					"$(inherited)",
					"@executable_path/Frameworks",
				);
				PRODUCT_BUNDLE_IDENTIFIER = liuchang.KeyboardListener;
				PRODUCT_NAME = "$(TARGET_NAME)";
				SWIFT_VERSION = 5.0;
				TARGETED_DEVICE_FAMILY = "1,2";
			};
			name = Release;
		};
/* End XCBuildConfiguration section */

/* Begin XCConfigurationList section */
		583D8DE82845CB0D0061C10E /* Build configuration list for PBXProject "KeyboardListener" */ = {
			isa = XCConfigurationList;
			buildConfigurations = (
				583D8DFF2845CB0E0061C10E /* Debug */,
				583D8E002845CB0E0061C10E /* Release */,
			);
			defaultConfigurationIsVisible = 0;
			defaultConfigurationName = Release;
		};
		583D8E012845CB0E0061C10E /* Build configuration list for PBXNativeTarget "KeyboardListener" */ = {
			isa = XCConfigurationList;
			buildConfigurations = (
				583D8E022845CB0E0061C10E /* Debug */,
				583D8E032845CB0E0061C10E /* Release */,
			);
			defaultConfigurationIsVisible = 0;
			defaultConfigurationName = Release;
		};
/* End XCConfigurationList section */
	};
	rootObject = 583D8DE52845CB0D0061C10E /* Project object */;
}
