// !$*UTF8*$!
{
	archiveVersion = 1;
	classes = {
	};
	objectVersion = 50;
	objects = {

/* Begin PBXBuildFile section */
		58DF4A5728486A7B00EB3C95 /* AppDelegate.m in Sources */ = {isa = PBXBuildFile; fileRef = 58DF4A5628486A7B00EB3C95 /* AppDelegate.m */; };
		58DF4A5A28486A7B00EB3C95 /* SceneDelegate.m in Sources */ = {isa = PBXBuildFile; fileRef = 58DF4A5928486A7B00EB3C95 /* SceneDelegate.m */; };
		58DF4A5D28486A7B00EB3C95 /* ViewController.m in Sources */ = {isa = PBXBuildFile; fileRef = 58DF4A5C28486A7B00EB3C95 /* ViewController.m */; };
		58DF4A6028486A7B00EB3C95 /* Main.storyboard in Resources */ = {isa = PBXBuildFile; fileRef = 58DF4A5E28486A7B00EB3C95 /* Main.storyboard */; };
		58DF4A6228486A7C00EB3C95 /* Assets.xcassets in Resources */ = {isa = PBXBuildFile; fileRef = 58DF4A6128486A7C00EB3C95 /* Assets.xcassets */; };
		58DF4A6528486A7C00EB3C95 /* LaunchScreen.storyboard in Resources */ = {isa = PBXBuildFile; fileRef = 58DF4A6328486A7C00EB3C95 /* LaunchScreen.storyboard */; };
		58DF4A6828486A7C00EB3C95 /* main.m in Sources */ = {isa = PBXBuildFile; fileRef = 58DF4A6728486A7C00EB3C95 /* main.m */; };
		58DF4A7128486B5200EB3C95 /* UIView+LCKeyboardListener.m in Sources */ = {isa = PBXBuildFile; fileRef = 58DF4A6F28486B5200EB3C95 /* UIView+LCKeyboardListener.m */; };
/* End PBXBuildFile section */

/* Begin PBXFileReference section */
		58DF4A5228486A7B00EB3C95 /* KeyboardListener.app */ = {isa = PBXFileReference; explicitFileType = wrapper.application; includeInIndex = 0; path = KeyboardListener.app; sourceTree = BUILT_PRODUCTS_DIR; };
		58DF4A5528486A7B00EB3C95 /* AppDelegate.h */ = {isa = PBXFileReference; lastKnownFileType = sourcecode.c.h; path = AppDelegate.h; sourceTree = "<group>"; };
		58DF4A5628486A7B00EB3C95 /* AppDelegate.m */ = {isa = PBXFileReference; lastKnownFileType = sourcecode.c.objc; path = AppDelegate.m; sourceTree = "<group>"; };
		58DF4A5828486A7B00EB3C95 /* SceneDelegate.h */ = {isa = PBXFileReference; lastKnownFileType = sourcecode.c.h; path = SceneDelegate.h; sourceTree = "<group>"; };
		58DF4A5928486A7B00EB3C95 /* SceneDelegate.m */ = {isa = PBXFileReference; lastKnownFileType = sourcecode.c.objc; path = SceneDelegate.m; sourceTree = "<group>"; };
		58DF4A5B28486A7B00EB3C95 /* ViewController.h */ = {isa = PBXFileReference; lastKnownFileType = sourcecode.c.h; path = ViewController.h; sourceTree = "<group>"; };
		58DF4A5C28486A7B00EB3C95 /* ViewController.m */ = {isa = PBXFileReference; lastKnownFileType = sourcecode.c.objc; path = ViewController.m; sourceTree = "<group>"; };
		58DF4A5F28486A7B00EB3C95 /* Base */ = {isa = PBXFileReference; lastKnownFileType = file.storyboard; name = Base; path = Base.lproj/Main.storyboard; sourceTree = "<group>"; };
		58DF4A6128486A7C00EB3C95 /* Assets.xcassets */ = {isa = PBXFileReference; lastKnownFileType = folder.assetcatalog; path = Assets.xcassets; sourceTree = "<group>"; };
		58DF4A6428486A7C00EB3C95 /* Base */ = {isa = PBXFileReference; lastKnownFileType = file.storyboard; name = Base; path = Base.lproj/LaunchScreen.storyboard; sourceTree = "<group>"; };
		58DF4A6628486A7C00EB3C95 /* Info.plist */ = {isa = PBXFileReference; lastKnownFileType = text.plist.xml; path = Info.plist; sourceTree = "<group>"; };
		58DF4A6728486A7C00EB3C95 /* main.m */ = {isa = PBXFileReference; lastKnownFileType = sourcecode.c.objc; path = main.m; sourceTree = "<group>"; };
		58DF4A6F28486B5200EB3C95 /* UIView+LCKeyboardListener.m */ = {isa = PBXFileReference; fileEncoding = 4; lastKnownFileType = sourcecode.c.objc; path = "UIView+LCKeyboardListener.m"; sourceTree = "<group>"; };
		58DF4A7028486B5200EB3C95 /* UIView+LCKeyboardListener.h */ = {isa = PBXFileReference; fileEncoding = 4; lastKnownFileType = sourcecode.c.h; path = "UIView+LCKeyboardListener.h"; sourceTree = "<group>"; };
/* End PBXFileReference section */

/* Begin PBXFrameworksBuildPhase section */
		58DF4A4F28486A7B00EB3C95 /* Frameworks */ = {
			isa = PBXFrameworksBuildPhase;
			buildActionMask = 2147483647;
			files = (
			);
			runOnlyForDeploymentPostprocessing = 0;
		};
/* End PBXFrameworksBuildPhase section */

/* Begin PBXGroup section */
		58DF4A4928486A7B00EB3C95 = {
			isa = PBXGroup;
			children = (
				58DF4A5428486A7B00EB3C95 /* KeyboardListener */,
				58DF4A5328486A7B00EB3C95 /* Products */,
			);
			sourceTree = "<group>";
		};
		58DF4A5328486A7B00EB3C95 /* Products */ = {
			isa = PBXGroup;
			children = (
				58DF4A5228486A7B00EB3C95 /* KeyboardListener.app */,
			);
			name = Products;
			sourceTree = "<group>";
		};
		58DF4A5428486A7B00EB3C95 /* KeyboardListener */ = {
			isa = PBXGroup;
			children = (
				58DF4A6E28486B5200EB3C95 /* LCKeyboardListener */,
				58DF4A5528486A7B00EB3C95 /* AppDelegate.h */,
				58DF4A5628486A7B00EB3C95 /* AppDelegate.m */,
				58DF4A5828486A7B00EB3C95 /* SceneDelegate.h */,
				58DF4A5928486A7B00EB3C95 /* SceneDelegate.m */,
				58DF4A5B28486A7B00EB3C95 /* ViewController.h */,
				58DF4A5C28486A7B00EB3C95 /* ViewController.m */,
				58DF4A5E28486A7B00EB3C95 /* Main.storyboard */,
				58DF4A6128486A7C00EB3C95 /* Assets.xcassets */,
				58DF4A6328486A7C00EB3C95 /* LaunchScreen.storyboard */,
				58DF4A6628486A7C00EB3C95 /* Info.plist */,
				58DF4A6728486A7C00EB3C95 /* main.m */,
			);
			path = KeyboardListener;
			sourceTree = "<group>";
		};
		58DF4A6E28486B5200EB3C95 /* LCKeyboardListener */ = {
			isa = PBXGroup;
			children = (
				58DF4A7028486B5200EB3C95 /* UIView+LCKeyboardListener.h */,
				58DF4A6F28486B5200EB3C95 /* UIView+LCKeyboardListener.m */,
			);
			name = LCKeyboardListener;
			path = ../../LCKeyboardListener;
			sourceTree = "<group>";
		};
/* End PBXGroup section */

/* Begin PBXNativeTarget section */
		58DF4A5128486A7B00EB3C95 /* KeyboardListener */ = {
			isa = PBXNativeTarget;
			buildConfigurationList = 58DF4A6B28486A7C00EB3C95 /* Build configuration list for PBXNativeTarget "KeyboardListener" */;
			buildPhases = (
				58DF4A4E28486A7B00EB3C95 /* Sources */,
				58DF4A4F28486A7B00EB3C95 /* Frameworks */,
				58DF4A5028486A7B00EB3C95 /* Resources */,
			);
			buildRules = (
			);
			dependencies = (
			);
			name = KeyboardListener;
			productName = KeyboardListener;
			productReference = 58DF4A5228486A7B00EB3C95 /* KeyboardListener.app */;
			productType = "com.apple.product-type.application";
		};
/* End PBXNativeTarget section */

/* Begin PBXProject section */
		58DF4A4A28486A7B00EB3C95 /* Project object */ = {
			isa = PBXProject;
			attributes = {
				LastUpgradeCheck = 1250;
				TargetAttributes = {
					58DF4A5128486A7B00EB3C95 = {
						CreatedOnToolsVersion = 12.5.1;
					};
				};
			};
			buildConfigurationList = 58DF4A4D28486A7B00EB3C95 /* Build configuration list for PBXProject "KeyboardListener" */;
			compatibilityVersion = "Xcode 9.3";
			developmentRegion = en;
			hasScannedForEncodings = 0;
			knownRegions = (
				en,
				Base,
			);
			mainGroup = 58DF4A4928486A7B00EB3C95;
			productRefGroup = 58DF4A5328486A7B00EB3C95 /* Products */;
			projectDirPath = "";
			projectRoot = "";
			targets = (
				58DF4A5128486A7B00EB3C95 /* KeyboardListener */,
			);
		};
/* End PBXProject section */

/* Begin PBXResourcesBuildPhase section */
		58DF4A5028486A7B00EB3C95 /* Resources */ = {
			isa = PBXResourcesBuildPhase;
			buildActionMask = 2147483647;
			files = (
				58DF4A6528486A7C00EB3C95 /* LaunchScreen.storyboard in Resources */,
				58DF4A6228486A7C00EB3C95 /* Assets.xcassets in Resources */,
				58DF4A6028486A7B00EB3C95 /* Main.storyboard in Resources */,
			);
			runOnlyForDeploymentPostprocessing = 0;
		};
/* End PBXResourcesBuildPhase section */

/* Begin PBXSourcesBuildPhase section */
		58DF4A4E28486A7B00EB3C95 /* Sources */ = {
			isa = PBXSourcesBuildPhase;
			buildActionMask = 2147483647;
			files = (
				58DF4A5D28486A7B00EB3C95 /* ViewController.m in Sources */,
				58DF4A5728486A7B00EB3C95 /* AppDelegate.m in Sources */,
				58DF4A7128486B5200EB3C95 /* UIView+LCKeyboardListener.m in Sources */,
				58DF4A6828486A7C00EB3C95 /* main.m in Sources */,
				58DF4A5A28486A7B00EB3C95 /* SceneDelegate.m in Sources */,
			);
			runOnlyForDeploymentPostprocessing = 0;
		};
/* End PBXSourcesBuildPhase section */

/* Begin PBXVariantGroup section */
		58DF4A5E28486A7B00EB3C95 /* Main.storyboard */ = {
			isa = PBXVariantGroup;
			children = (
				58DF4A5F28486A7B00EB3C95 /* Base */,
			);
			name = Main.storyboard;
			sourceTree = "<group>";
		};
		58DF4A6328486A7C00EB3C95 /* LaunchScreen.storyboard */ = {
			isa = PBXVariantGroup;
			children = (
				58DF4A6428486A7C00EB3C95 /* Base */,
			);
			name = LaunchScreen.storyboard;
			sourceTree = "<group>";
		};
/* End PBXVariantGroup section */

/* Begin XCBuildConfiguration section */
		58DF4A6928486A7C00EB3C95 /* Debug */ = {
			isa = XCBuildConfiguration;
			buildSettings = {
				ALWAYS_SEARCH_USER_PATHS = NO;
				CLANG_ANALYZER_NONNULL = YES;
				CLANG_ANALYZER_NUMBER_OBJECT_CONVERSION = YES_AGGRESSIVE;
				CLANG_CXX_LANGUAGE_STANDARD = "gnu++14";
				CLANG_CXX_LIBRARY = "libc++";
				CLANG_ENABLE_MODULES = YES;
				CLANG_ENABLE_OBJC_ARC = YES;
				CLANG_ENABLE_OBJC_WEAK = YES;
				CLANG_WARN_BLOCK_CAPTURE_AUTORELEASING = YES;
				CLANG_WARN_BOOL_CONVERSION = YES;
				CLANG_WARN_COMMA = YES;
				CLANG_WARN_CONSTANT_CONVERSION = YES;
				CLANG_WARN_DEPRECATED_OBJC_IMPLEMENTATIONS = YES;
				CLANG_WARN_DIRECT_OBJC_ISA_USAGE = YES_ERROR;
				CLANG_WARN_DOCUMENTATION_COMMENTS = YES;
				CLANG_WARN_EMPTY_BODY = YES;
				CLANG_WARN_ENUM_CONVERSION = YES;
				CLANG_WARN_INFINITE_RECURSION = YES;
				CLANG_WARN_INT_CONVERSION = YES;
				CLANG_WARN_NON_LITERAL_NULL_CONVERSION = YES;
				CLANG_WARN_OBJC_IMPLICIT_RETAIN_SELF = YES;
				CLANG_WARN_OBJC_LITERAL_CONVERSION = YES;
				CLANG_WARN_OBJC_ROOT_CLASS = YES_ERROR;
				CLANG_WARN_QUOTED_INCLUDE_IN_FRAMEWORK_HEADER = YES;
				CLANG_WARN_RANGE_LOOP_ANALYSIS = YES;
				CLANG_WARN_STRICT_PROTOTYPES = YES;
				CLANG_WARN_SUSPICIOUS_MOVE = YES;
				CLANG_WARN_UNGUARDED_AVAILABILITY = YES_AGGRESSIVE;
				CLANG_WARN_UNREACHABLE_CODE = YES;
				CLANG_WARN__DUPLICATE_METHOD_MATCH = YES;
				COPY_PHASE_STRIP = NO;
				DEBUG_INFORMATION_FORMAT = dwarf;
				ENABLE_STRICT_OBJC_MSGSEND = YES;
				ENABLE_TESTABILITY = YES;
				GCC_C_LANGUAGE_STANDARD = gnu11;
				GCC_DYNAMIC_NO_PIC = NO;
				GCC_NO_COMMON_BLOCKS = YES;
				GCC_OPTIMIZATION_LEVEL = 0;
				GCC_PREPROCESSOR_DEFINITIONS = (
					"DEBUG=1",
					"$(inherited)",
				);
				GCC_WARN_64_TO_32_BIT_CONVERSION = YES;
				GCC_WARN_ABOUT_RETURN_TYPE = YES_ERROR;
				GCC_WARN_UNDECLARED_SELECTOR = YES;
				GCC_WARN_UNINITIALIZED_AUTOS = YES_AGGRESSIVE;
				GCC_WARN_UNUSED_FUNCTION = YES;
				GCC_WARN_UNUSED_VARIABLE = YES;
				IPHONEOS_DEPLOYMENT_TARGET = 14.5;
				MTL_ENABLE_DEBUG_INFO = INCLUDE_SOURCE;
				MTL_FAST_MATH = YES;
				ONLY_ACTIVE_ARCH = YES;
				SDKROOT = iphoneos;
			};
			name = Debug;
		};
		58DF4A6A28486A7C00EB3C95 /* Release */ = {
			isa = XCBuildConfiguration;
			buildSettings = {
				ALWAYS_SEARCH_USER_PATHS = NO;
				CLANG_ANALYZER_NONNULL = YES;
				CLANG_ANALYZER_NUMBER_OBJECT_CONVERSION = YES_AGGRESSIVE;
				CLANG_CXX_LANGUAGE_STANDARD = "gnu++14";
				CLANG_CXX_LIBRARY = "libc++";
				CLANG_ENABLE_MODULES = YES;
				CLANG_ENABLE_OBJC_ARC = YES;
				CLANG_ENABLE_OBJC_WEAK = YES;
				CLANG_WARN_BLOCK_CAPTURE_AUTORELEASING = YES;
				CLANG_WARN_BOOL_CONVERSION = YES;
				CLANG_WARN_COMMA = YES;
				CLANG_WARN_CONSTANT_CONVERSION = YES;
				CLANG_WARN_DEPRECATED_OBJC_IMPLEMENTATIONS = YES;
				CLANG_WARN_DIRECT_OBJC_ISA_USAGE = YES_ERROR;
				CLANG_WARN_DOCUMENTATION_COMMENTS = YES;
				CLANG_WARN_EMPTY_BODY = YES;
				CLANG_WARN_ENUM_CONVERSION = YES;
				CLANG_WARN_INFINITE_RECURSION = YES;
				CLANG_WARN_INT_CONVERSION = YES;
				CLANG_WARN_NON_LITERAL_NULL_CONVERSION = YES;
				CLANG_WARN_OBJC_IMPLICIT_RETAIN_SELF = YES;
				CLANG_WARN_OBJC_LITERAL_CONVERSION = YES;
				CLANG_WARN_OBJC_ROOT_CLASS = YES_ERROR;
				CLANG_WARN_QUOTED_INCLUDE_IN_FRAMEWORK_HEADER = YES;
				CLANG_WARN_RANGE_LOOP_ANALYSIS = YES;
				CLANG_WARN_STRICT_PROTOTYPES = YES;
				CLANG_WARN_SUSPICIOUS_MOVE = YES;
				CLANG_WARN_UNGUARDED_AVAILABILITY = YES_AGGRESSIVE;
				CLANG_WARN_UNREACHABLE_CODE = YES;
				CLANG_WARN__DUPLICATE_METHOD_MATCH = YES;
				COPY_PHASE_STRIP = NO;
				DEBUG_INFORMATION_FORMAT = "dwarf-with-dsym";
				ENABLE_NS_ASSERTIONS = NO;
				ENABLE_STRICT_OBJC_MSGSEND = YES;
				GCC_C_LANGUAGE_STANDARD = gnu11;
				GCC_NO_COMMON_BLOCKS = YES;
				GCC_WARN_64_TO_32_BIT_CONVERSION = YES;
				GCC_WARN_ABOUT_RETURN_TYPE = YES_ERROR;
				GCC_WARN_UNDECLARED_SELECTOR = YES;
				GCC_WARN_UNINITIALIZED_AUTOS = YES_AGGRESSIVE;
				GCC_WARN_UNUSED_FUNCTION = YES;
				GCC_WARN_UNUSED_VARIABLE = YES;
				IPHONEOS_DEPLOYMENT_TARGET = 14.5;
				MTL_ENABLE_DEBUG_INFO = NO;
				MTL_FAST_MATH = YES;
				SDKROOT = iphoneos;
				VALIDATE_PRODUCT = YES;
			};
			name = Release;
		};
		58DF4A6C28486A7C00EB3C95 /* Debug */ = {
			isa = XCBuildConfiguration;
			buildSettings = {
				ASSETCATALOG_COMPILER_APPICON_NAME = AppIcon;
				ASSETCATALOG_COMPILER_GLOBAL_ACCENT_COLOR_NAME = AccentColor;
				CODE_SIGN_STYLE = Automatic;
				INFOPLIST_FILE = KeyboardListener/Info.plist;
				LD_RUNPATH_SEARCH_PATHS = (
					"$(inherited)",
					"@executable_path/Frameworks",
				);
				PRODUCT_BUNDLE_IDENTIFIER = liuchang.KeyboardListener;
				PRODUCT_NAME = "$(TARGET_NAME)";
				TARGETED_DEVICE_FAMILY = "1,2";
			};
			name = Debug;
		};
		58DF4A6D28486A7C00EB3C95 /* Release */ = {
			isa = XCBuildConfiguration;
			buildSettings = {
				ASSETCATALOG_COMPILER_APPICON_NAME = AppIcon;
				ASSETCATALOG_COMPILER_GLOBAL_ACCENT_COLOR_NAME = AccentColor;
				CODE_SIGN_STYLE = Automatic;
				INFOPLIST_FILE = KeyboardListener/Info.plist;
				LD_RUNPATH_SEARCH_PATHS = (
					"$(inherited)",
					"@executable_path/Frameworks",
				);
				PRODUCT_BUNDLE_IDENTIFIER = liuchang.KeyboardListener;
				PRODUCT_NAME = "$(TARGET_NAME)";
				TARGETED_DEVICE_FAMILY = "1,2";
			};
			name = Release;
		};
/* End XCBuildConfiguration section */

/* Begin XCConfigurationList section */
		58DF4A4D28486A7B00EB3C95 /* Build configuration list for PBXProject "KeyboardListener" */ = {
			isa = XCConfigurationList;
			buildConfigurations = (
				58DF4A6928486A7C00EB3C95 /* Debug */,
				58DF4A6A28486A7C00EB3C95 /* Release */,
			);
			defaultConfigurationIsVisible = 0;
			defaultConfigurationName = Release;
		};
		58DF4A6B28486A7C00EB3C95 /* Build configuration list for PBXNativeTarget "KeyboardListener" */ = {
			isa = XCConfigurationList;
			buildConfigurations = (
				58DF4A6C28486A7C00EB3C95 /* Debug */,
				58DF4A6D28486A7C00EB3C95 /* Release */,
			);
			defaultConfigurationIsVisible = 0;
			defaultConfigurationName = Release;
		};
/* End XCConfigurationList section */
	};
	rootObject = 58DF4A4A28486A7B00EB3C95 /* Project object */;
}
